
Microsoft Visual Studio Solution File, Format Version 12.00
# Visual Studio Version 17
VisualStudioVersion = 17.5.002.0
MinimumVisualStudioVersion = 10.0.40219.1
Project("{2150E333-8FDC-42A3-9474-1A3956D46DE8}") = "Labfiles", "Labfiles", "{E688613E-B1A1-49AA-9613-898A89EF7164}"
EndProject
Project("{2150E333-8FDC-42A3-9474-1A3956D46DE8}") = "01-analyze-text", "01-analyze-text", "{C5BE50BF-7E69-41C2-9256-E5C69CE345D6}"
EndProject
Project("{2150E333-8FDC-42A3-9474-1A3956D46DE8}") = "C-Sharp", "C-Sharp", "{FF091143-6CD4-45D6-9FF2-FC221239D794}"
EndProject
Project("{9A19103F-16F7-4668-BE54-9A1E7A4F7556}") = "text-analysis", "Labfiles\01-analyze-text\C-Sharp\text-analysis\text-analysis.csproj", "{417620D6-4AB1-401D-9CD5-DE62035AEEE5}"
EndProject
Project("{2150E333-8FDC-42A3-9474-1A3956D46DE8}") = "02-qna", "02-qna", "{D341E513-39D6-4DEC-BB42-BCCE6E28C43A}"
EndProject
Project("{2150E333-8FDC-42A3-9474-1A3956D46DE8}") = "C-Sharp", "C-Sharp", "{AFCD52DE-0F31-4CFC-8356-98BB0781AC52}"
EndProject
Project("{9A19103F-16F7-4668-BE54-9A1E7A4F7556}") = "qna-app", "Labfiles\02-qna\C-Sharp\qna-app\qna-app.csproj", "{B3336DB4-5F2A-4FA0-A66C-A980864B9DB5}"
EndProject
Project("{2150E333-8FDC-42A3-9474-1A3956D46DE8}") = "03-language", "03-language", "{F82171DC-F558-4C35-9264-A69622E90B83}"
EndProject
Project("{2150E333-8FDC-42A3-9474-1A3956D46DE8}") = "C-Sharp", "C-Sharp", "{538669F9-45BC-4625-B0C8-9CB76CE7FC6E}"
EndProject
Project("{9A19103F-16F7-4668-BE54-9A1E7A4F7556}") = "clock_client", "Labfiles\03-language\C-Sharp\clock-client\clock_client.csproj", "{D5664C32-69A0-4108-9B3E-7A508064D58C}"
EndProject
Project("{2150E333-8FDC-42A3-9474-1A3956D46DE8}") = "04-text-classification", "04-text-classification", "{5B6B0143-A937-4F0F-BC13-ECEF4C149894}"
EndProject
Project("{2150E333-8FDC-42A3-9474-1A3956D46DE8}") = "C-Sharp", "C-Sharp", "{3E099683-849F-48DE-8A64-235096CCCE76}"
EndProject
Project("{9A19103F-16F7-4668-BE54-9A1E7A4F7556}") = "classify-text", "Labfiles\04-text-classification\C-Sharp\classify-text\classify-text.csproj", "{D354439A-31D1-4F34-BE8D-7E9A4DA323D6}"
EndProject
Project("{2150E333-8FDC-42A3-9474-1A3956D46DE8}") = "05-custom-entity-recognition", "05-custom-entity-recognition", "{33DF8549-13B2-4960-B90D-49C2581EC7B4}"
EndProject
Project("{2150E333-8FDC-42A3-9474-1A3956D46DE8}") = "C-Sharp", "C-Sharp", "{08C78902-3BF3-40EB-891A-36C27A85916F}"
EndProject
Project("{9A19103F-16F7-4668-BE54-9A1E7A4F7556}") = "custom-entities", "Labfiles\05-custom-entity-recognition\C-Sharp\custom-entities\custom-entities.csproj", "{B35F925B-50D8-4888-9E13-A3FE44F3E695}"
EndProject
Project("{2150E333-8FDC-42A3-9474-1A3956D46DE8}") = "06-translate-text", "06-translate-text", "{6D70F90A-9158-41C6-A20A-C6BA2CB1342F}"
EndProject
Project("{2150E333-8FDC-42A3-9474-1A3956D46DE8}") = "C-Sharp", "C-Sharp", "{3DABCA38-2C44-4210-BEDA-7F6FBFDB3FC3}"
EndProject
Project("{9A19103F-16F7-4668-BE54-9A1E7A4F7556}") = "translate_text", "Labfiles\06-translate-text\C-Sharp\text-translation\translate_text.csproj", "{BF74146F-95FE-41A7-BB5E-DA1B0EACC0C7}"
EndProject
Project("{2150E333-8FDC-42A3-9474-1A3956D46DE8}") = "06b-translator-sdk", "06b-translator-sdk", "{092C1A74-6E23-471D-9CFD-095DE2BAAFBE}"
EndProject
Project("{2150E333-8FDC-42A3-9474-1A3956D46DE8}") = "C-Sharp", "C-Sharp", "{195F7E0C-7869-47D0-9A55-7C05C922BADD}"
EndProject
Project("{9A19103F-16F7-4668-BE54-9A1E7A4F7556}") = "translate_text", "Labfiles\06b-translator-sdk\C-Sharp\translate-text\translate_text.csproj", "{7046CE1C-06E0-403B-88F4-6A218601762A}"
EndProject
Project("{2150E333-8FDC-42A3-9474-1A3956D46DE8}") = "07-speech", "07-speech", "{9FA8C3B9-CC2A-4A90-86E7-760D21C4FB5A}"
EndProject
Project("{2150E333-8FDC-42A3-9474-1A3956D46DE8}") = "C-Sharp", "C-Sharp", "{78FD7DC1-15C6-4CC4-8DF9-425585ACF789}"
EndProject
Project("{9A19103F-16F7-4668-BE54-9A1E7A4F7556}") = "speaking-clock", "Labfiles\07-speech\C-Sharp\speaking-clock\speaking-clock.csproj", "{E3B94485-51CE-4F7C-9032-0FED66CD3423}"
EndProject
Project("{2150E333-8FDC-42A3-9474-1A3956D46DE8}") = "08-speech-translation", "08-speech-translation", "{E6BCD3E4-366E-44DC-9EF7-BC6A366EDA2A}"
EndProject
Project("{2150E333-8FDC-42A3-9474-1A3956D46DE8}") = "C-Sharp", "C-Sharp", "{60674DA4-F1D9-4DEB-A377-D7DE11D6E51D}"
EndProject
Project("{9A19103F-16F7-4668-BE54-9A1E7A4F7556}") = "translator", "Labfiles\08-speech-translation\C-Sharp\translator\translator.csproj", "{B69B5CB7-A888-45F0-847D-9475469A24E4}"
EndProject
Global
	GlobalSection(SolutionConfigurationPlatforms) = preSolution
		Debug|Any CPU = Debug|Any CPU
		Release|Any CPU = Release|Any CPU
	EndGlobalSection
	GlobalSection(ProjectConfigurationPlatforms) = postSolution
		{417620D6-4AB1-401D-9CD5-DE62035AEEE5}.Debug|Any CPU.ActiveCfg = Debug|Any CPU
		{417620D6-4AB1-401D-9CD5-DE62035AEEE5}.Debug|Any CPU.Build.0 = Debug|Any CPU
		{417620D6-4AB1-401D-9CD5-DE62035AEEE5}.Release|Any CPU.ActiveCfg = Release|Any CPU
		{417620D6-4AB1-401D-9CD5-DE62035AEEE5}.Release|Any CPU.Build.0 = Release|Any CPU
		{B3336DB4-5F2A-4FA0-A66C-A980864B9DB5}.Debug|Any CPU.ActiveCfg = Debug|Any CPU
		{B3336DB4-5F2A-4FA0-A66C-A980864B9DB5}.Debug|Any CPU.Build.0 = Debug|Any CPU
		{B3336DB4-5F2A-4FA0-A66C-A980864B9DB5}.Release|Any CPU.ActiveCfg = Release|Any CPU
		{B3336DB4-5F2A-4FA0-A66C-A980864B9DB5}.Release|Any CPU.Build.0 = Release|Any CPU
		{D5664C32-69A0-4108-9B3E-7A508064D58C}.Debug|Any CPU.ActiveCfg = Debug|Any CPU
		{D5664C32-69A0-4108-9B3E-7A508064D58C}.Debug|Any CPU.Build.0 = Debug|Any CPU
		{D5664C32-69A0-4108-9B3E-7A508064D58C}.Release|Any CPU.ActiveCfg = Release|Any CPU
		{D5664C32-69A0-4108-9B3E-7A508064D58C}.Release|Any CPU.Build.0 = Release|Any CPU
		{D354439A-31D1-4F34-BE8D-7E9A4DA323D6}.Debug|Any CPU.ActiveCfg = Debug|Any CPU
		{D354439A-31D1-4F34-BE8D-7E9A4DA323D6}.Debug|Any CPU.Build.0 = Debug|Any CPU
		{D354439A-31D1-4F34-BE8D-7E9A4DA323D6}.Release|Any CPU.ActiveCfg = Release|Any CPU
		{D354439A-31D1-4F34-BE8D-7E9A4DA323D6}.Release|Any CPU.Build.0 = Release|Any CPU
		{B35F925B-50D8-4888-9E13-A3FE44F3E695}.Debug|Any CPU.ActiveCfg = Debug|Any CPU
		{B35F925B-50D8-4888-9E13-A3FE44F3E695}.Debug|Any CPU.Build.0 = Debug|Any CPU
		{B35F925B-50D8-4888-9E13-A3FE44F3E695}.Release|Any CPU.ActiveCfg = Release|Any CPU
		{B35F925B-50D8-4888-9E13-A3FE44F3E695}.Release|Any CPU.Build.0 = Release|Any CPU
		{BF74146F-95FE-41A7-BB5E-DA1B0EACC0C7}.Debug|Any CPU.ActiveCfg = Debug|Any CPU
		{BF74146F-95FE-41A7-BB5E-DA1B0EACC0C7}.Debug|Any CPU.Build.0 = Debug|Any CPU
		{BF74146F-95FE-41A7-BB5E-DA1B0EACC0C7}.Release|Any CPU.ActiveCfg = Release|Any CPU
		{BF74146F-95FE-41A7-BB5E-DA1B0EACC0C7}.Release|Any CPU.Build.0 = Release|Any CPU
		{7046CE1C-06E0-403B-88F4-6A218601762A}.Debug|Any CPU.ActiveCfg = Debug|Any CPU
		{7046CE1C-06E0-403B-88F4-6A218601762A}.Debug|Any CPU.Build.0 = Debug|Any CPU
		{7046CE1C-06E0-403B-88F4-6A218601762A}.Release|Any CPU.ActiveCfg = Release|Any CPU
		{7046CE1C-06E0-403B-88F4-6A218601762A}.Release|Any CPU.Build.0 = Release|Any CPU
		{E3B94485-51CE-4F7C-9032-0FED66CD3423}.Debug|Any CPU.ActiveCfg = Debug|Any CPU
		{E3B94485-51CE-4F7C-9032-0FED66CD3423}.Debug|Any CPU.Build.0 = Debug|Any CPU
		{E3B94485-51CE-4F7C-9032-0FED66CD3423}.Release|Any CPU.ActiveCfg = Release|Any CPU
		{E3B94485-51CE-4F7C-9032-0FED66CD3423}.Release|Any CPU.Build.0 = Release|Any CPU
		{B69B5CB7-A888-45F0-847D-9475469A24E4}.Debug|Any CPU.ActiveCfg = Debug|Any CPU
		{B69B5CB7-A888-45F0-847D-9475469A24E4}.Debug|Any CPU.Build.0 = Debug|Any CPU
		{B69B5CB7-A888-45F0-847D-9475469A24E4}.Release|Any CPU.ActiveCfg = Release|Any CPU
		{B69B5CB7-A888-45F0-847D-9475469A24E4}.Release|Any CPU.Build.0 = Release|Any CPU
	EndGlobalSection
	GlobalSection(SolutionProperties) = preSolution
		HideSolutionNode = FALSE
	EndGlobalSection
	GlobalSection(NestedProjects) = preSolution
		{C5BE50BF-7E69-41C2-9256-E5C69CE345D6} = {E688613E-B1A1-49AA-9613-898A89EF7164}
		{FF091143-6CD4-45D6-9FF2-FC221239D794} = {C5BE50BF-7E69-41C2-9256-E5C69CE345D6}
		{417620D6-4AB1-401D-9CD5-DE62035AEEE5} = {FF091143-6CD4-45D6-9FF2-FC221239D794}
		{D341E513-39D6-4DEC-BB42-BCCE6E28C43A} = {E688613E-B1A1-49AA-9613-898A89EF7164}
		{AFCD52DE-0F31-4CFC-8356-98BB0781AC52} = {D341E513-39D6-4DEC-BB42-BCCE6E28C43A}
		{B3336DB4-5F2A-4FA0-A66C-A980864B9DB5} = {AFCD52DE-0F31-4CFC-8356-98BB0781AC52}
		{F82171DC-F558-4C35-9264-A69622E90B83} = {E688613E-B1A1-49AA-9613-898A89EF7164}
		{538669F9-45BC-4625-B0C8-9CB76CE7FC6E} = {F82171DC-F558-4C35-9264-A69622E90B83}
		{D5664C32-69A0-4108-9B3E-7A508064D58C} = {538669F9-45BC-4625-B0C8-9CB76CE7FC6E}
		{5B6B0143-A937-4F0F-BC13-ECEF4C149894} = {E688613E-B1A1-49AA-9613-898A89EF7164}
		{3E099683-849F-48DE-8A64-235096CCCE76} = {5B6B0143-A937-4F0F-BC13-ECEF4C149894}
		{D354439A-31D1-4F34-BE8D-7E9A4DA323D6} = {3E099683-849F-48DE-8A64-235096CCCE76}
		{33DF8549-13B2-4960-B90D-49C2581EC7B4} = {E688613E-B1A1-49AA-9613-898A89EF7164}
		{08C78902-3BF3-40EB-891A-36C27A85916F} = {33DF8549-13B2-4960-B90D-49C2581EC7B4}
		{B35F925B-50D8-4888-9E13-A3FE44F3E695} = {08C78902-3BF3-40EB-891A-36C27A85916F}
		{6D70F90A-9158-41C6-A20A-C6BA2CB1342F} = {E688613E-B1A1-49AA-9613-898A89EF7164}
		{3DABCA38-2C44-4210-BEDA-7F6FBFDB3FC3} = {6D70F90A-9158-41C6-A20A-C6BA2CB1342F}
		{BF74146F-95FE-41A7-BB5E-DA1B0EACC0C7} = {3DABCA38-2C44-4210-BEDA-7F6FBFDB3FC3}
		{092C1A74-6E23-471D-9CFD-095DE2BAAFBE} = {E688613E-B1A1-49AA-9613-898A89EF7164}
		{195F7E0C-7869-47D0-9A55-7C05C922BADD} = {092C1A74-6E23-471D-9CFD-095DE2BAAFBE}
		{7046CE1C-06E0-403B-88F4-6A218601762A} = {195F7E0C-7869-47D0-9A55-7C05C922BADD}
		{9FA8C3B9-CC2A-4A90-86E7-760D21C4FB5A} = {E688613E-B1A1-49AA-9613-898A89EF7164}
		{78FD7DC1-15C6-4CC4-8DF9-425585ACF789} = {9FA8C3B9-CC2A-4A90-86E7-760D21C4FB5A}
		{E3B94485-51CE-4F7C-9032-0FED66CD3423} = {78FD7DC1-15C6-4CC4-8DF9-425585ACF789}
		{E6BCD3E4-366E-44DC-9EF7-BC6A366EDA2A} = {E688613E-B1A1-49AA-9613-898A89EF7164}
		{60674DA4-F1D9-4DEB-A377-D7DE11D6E51D} = {E6BCD3E4-366E-44DC-9EF7-BC6A366EDA2A}
		{B69B5CB7-A888-45F0-847D-9475469A24E4} = {60674DA4-F1D9-4DEB-A377-D7DE11D6E51D}
	EndGlobalSection
	GlobalSection(ExtensibilityGlobals) = postSolution
		SolutionGuid = {E1CF82EC-D6F2-4478-8AEF-0ED81BF7C4C3}
	EndGlobalSection
EndGlobal
